
Microsoft Visual Studio Solution File, Format Version 12.00
# Visual Studio Version 17
VisualStudioVersion = 17.0.31903.59
MinimumVisualStudioVersion = 10.0.40219.1
Project("{FAE04EC0-301F-11D3-BF4B-00C04F79EFBC}") = "StockManagement.Domain", "StockManagement.Domain\StockManagement.Domain.csproj", "{017831D5-31A0-4AB0-B268-C01E9A2E16AF}"
EndProject
Project("{FAE04EC0-301F-11D3-BF4B-00C04F79EFBC}") = "StockManagement.Application", "StockManagement.Application\StockManagement.Application.csproj", "{47065F72-9AB6-41F5-B13F-7670A6E24D62}"
EndProject
Project("{FAE04EC0-301F-11D3-BF4B-00C04F79EFBC}") = "StockManagement.Infrastructure", "StockManagement.Infrastructure\StockManagement.Infrastructure.csproj", "{1EB296CF-BAAD-4D2D-B83B-F991F297521F}"
EndProject
Project("{FAE04EC0-301F-11D3-BF4B-00C04F79EFBC}") = "StockManagement.API", "StockManagement.API\StockManagement.API.csproj", "{C9FF3EB3-2B4D-44E3-BA4A-275ACBB4F162}"
EndProject
Project("{2150E333-8FDC-42A3-9474-1A3956D46DE8}") = "Tests", "Tests", "{0A9CB69D-4C78-4200-8CFD-5BBBD675964A}"
EndProject
Project("{FAE04EC0-301F-11D3-BF4B-00C04F79EFBC}") = "IntegrationTests", "Tests\IntegrationTests\IntegrationTests.csproj", "{7E382E7A-875C-4DE6-A414-F35E15F46048}"
EndProject
Project("{FAE04EC0-301F-11D3-BF4B-00C04F79EFBC}") = "UnitTests", "Tests\UnitTests\UnitTests.csproj", "{DF0850D6-80B6-4F53-9102-035B58B96077}"
EndProject
Global
	GlobalSection(SolutionConfigurationPlatforms) = preSolution
		Debug|Any CPU = Debug|Any CPU
		Release|Any CPU = Release|Any CPU
	EndGlobalSection
	GlobalSection(SolutionProperties) = preSolution
		HideSolutionNode = FALSE
	EndGlobalSection
	GlobalSection(ProjectConfigurationPlatforms) = postSolution
		{017831D5-31A0-4AB0-B268-C01E9A2E16AF}.Debug|Any CPU.ActiveCfg = Debug|Any CPU
		{017831D5-31A0-4AB0-B268-C01E9A2E16AF}.Debug|Any CPU.Build.0 = Debug|Any CPU
		{017831D5-31A0-4AB0-B268-C01E9A2E16AF}.Release|Any CPU.ActiveCfg = Release|Any CPU
		{017831D5-31A0-4AB0-B268-C01E9A2E16AF}.Release|Any CPU.Build.0 = Release|Any CPU
		{47065F72-9AB6-41F5-B13F-7670A6E24D62}.Debug|Any CPU.ActiveCfg = Debug|Any CPU
		{47065F72-9AB6-41F5-B13F-7670A6E24D62}.Debug|Any CPU.Build.0 = Debug|Any CPU
		{47065F72-9AB6-41F5-B13F-7670A6E24D62}.Release|Any CPU.ActiveCfg = Release|Any CPU
		{47065F72-9AB6-41F5-B13F-7670A6E24D62}.Release|Any CPU.Build.0 = Release|Any CPU
		{1EB296CF-BAAD-4D2D-B83B-F991F297521F}.Debug|Any CPU.ActiveCfg = Debug|Any CPU
		{1EB296CF-BAAD-4D2D-B83B-F991F297521F}.Debug|Any CPU.Build.0 = Debug|Any CPU
		{1EB296CF-BAAD-4D2D-B83B-F991F297521F}.Release|Any CPU.ActiveCfg = Release|Any CPU
		{1EB296CF-BAAD-4D2D-B83B-F991F297521F}.Release|Any CPU.Build.0 = Release|Any CPU
		{C9FF3EB3-2B4D-44E3-BA4A-275ACBB4F162}.Debug|Any CPU.ActiveCfg = Debug|Any CPU
		{C9FF3EB3-2B4D-44E3-BA4A-275ACBB4F162}.Debug|Any CPU.Build.0 = Debug|Any CPU
		{C9FF3EB3-2B4D-44E3-BA4A-275ACBB4F162}.Release|Any CPU.ActiveCfg = Release|Any CPU
		{C9FF3EB3-2B4D-44E3-BA4A-275ACBB4F162}.Release|Any CPU.Build.0 = Release|Any CPU
		{7E382E7A-875C-4DE6-A414-F35E15F46048}.Debug|Any CPU.ActiveCfg = Debug|Any CPU
		{7E382E7A-875C-4DE6-A414-F35E15F46048}.Debug|Any CPU.Build.0 = Debug|Any CPU
		{7E382E7A-875C-4DE6-A414-F35E15F46048}.Release|Any CPU.ActiveCfg = Release|Any CPU
		{7E382E7A-875C-4DE6-A414-F35E15F46048}.Release|Any CPU.Build.0 = Release|Any CPU
		{DF0850D6-80B6-4F53-9102-035B58B96077}.Debug|Any CPU.ActiveCfg = Debug|Any CPU
		{DF0850D6-80B6-4F53-9102-035B58B96077}.Debug|Any CPU.Build.0 = Debug|Any CPU
		{DF0850D6-80B6-4F53-9102-035B58B96077}.Release|Any CPU.ActiveCfg = Release|Any CPU
		{DF0850D6-80B6-4F53-9102-035B58B96077}.Release|Any CPU.Build.0 = Release|Any CPU
	EndGlobalSection
	GlobalSection(NestedProjects) = preSolution
		{7E382E7A-875C-4DE6-A414-F35E15F46048} = {0A9CB69D-4C78-4200-8CFD-5BBBD675964A}
		{DF0850D6-80B6-4F53-9102-035B58B96077} = {0A9CB69D-4C78-4200-8CFD-5BBBD675964A}
	EndGlobalSection
EndGlobal
