Microsoft Visual Studio Solution File, Format Version 12.00
# Visual Studio Version 17
VisualStudioVersion = 17.0.31903.59
MinimumVisualStudioVersion = 10.0.40219.1
Project("{FAE04EC0-301F-11D3-BF4B-00C04F79EFBC}") = "StockManagement.Domain", "StockManagement.Domain\StockManagement.Domain.csproj", "{017831D5-31A0-4AB0-B268-C01E9A2E16AF}"
EndProject
Project("{FAE04EC0-301F-11D3-BF4B-00C04F79EFBC}") = "StockManagement.Application", "StockManagement.Application\StockManagement.Application.csproj", "{47065F72-9AB6-41F5-B13F-7670A6E24D62}"
EndProject
Project("{FAE04EC0-301F-11D3-BF4B-00C04F79EFBC}") = "StockManagement.Infrastructure", "StockManagement.Infrastructure\StockManagement.Infrastructure.csproj", "{1EB296CF-BAAD-4D2D-B83B-F991F297521F}"
EndProject
Project("{FAE04EC0-301F-11D3-BF4B-00C04F79EFBC}") = "StockManagement.API", "StockManagement.API\StockManagement.API.csproj", "{C9FF3EB3-2B4D-44E3-BA4A-275ACBB4F162}"
EndProject
Project("{FAE04EC0-301F-11D3-BF4B-00C04F79EFBC}") = "UnitTests", "Tests\UnitTests\UnitTests.csproj", "{8E6C9AA8-4B83-4B0E-B74A-1B3F9E5D25D1}"
EndProject
Project("{FAE04EC0-301F-11D3-BF4B-00C04F79EFBC}") = "IntegrationTests", "Tests\IntegrationTests\IntegrationTests.csproj", "{3C7D7D0A-FF0B-4B5E-BE5C-8E2E3C2F9D3F}"
EndProject
Global
	GlobalSection(SolutionConfigurationPlatforms) = preSolution
		Debug|Any CPU = Debug|Any CPU
		Release|Any CPU = Release|Any CPU
	EndGlobalSection
	GlobalSection(SolutionProperties) = preSolution
		HideSolutionNode = FALSE
	EndGlobalSection
	GlobalSection(ProjectConfigurationPlatforms) = postSolution
		{017831D5-31A0-4AB0-B268-C01E9A2E16AF}.Debug|Any CPU.ActiveCfg = Debug|Any CPU
		{017831D5-31A0-4AB0-B268-C01E9A2E16AF}.Debug|Any CPU.Build.0 = Debug|Any CPU
		{017831D5-31A0-4AB0-B268-C01E9A2E16AF}.Release|Any CPU.ActiveCfg = Release|Any CPU
		{017831D5-31A0-4AB0-B268-C01E9A2E16AF}.Release|Any CPU.Build.0 = Release|Any CPU
		{47065F72-9AB6-41F5-B13F-7670A6E24D62}.Debug|Any CPU.ActiveCfg = Debug|Any CPU
		{47065F72-9AB6-41F5-B13F-7670A6E24D62}.Debug|Any CPU.Build.0 = Debug|Any CPU
		{47065F72-9AB6-41F5-B13F-7670A6E24D62}.Release|Any CPU.ActiveCfg = Release|Any CPU
		{47065F72-9AB6-41F5-B13F-7670A6E24D62}.Release|Any CPU.Build.0 = Release|Any CPU
		{1EB296CF-BAAD-4D2D-B83B-F991F297521F}.Debug|Any CPU.ActiveCfg = Debug|Any CPU
		{1EB296CF-BAAD-4D2D-B83B-F991F297521F}.Debug|Any CPU.Build.0 = Debug|Any CPU
		{1EB296CF-BAAD-4D2D-B83B-F991F297521F}.Release|Any CPU.ActiveCfg = Release|Any CPU
		{1EB296CF-BAAD-4D2D-B83B-F991F297521F}.Release|Any CPU.Build.0 = Release|Any CPU
		{C9FF3EB3-2B4D-44E3-BA4A-275ACBB4F162}.Debug|Any CPU.ActiveCfg = Debug|Any CPU
		{C9FF3EB3-2B4D-44E3-BA4A-275ACBB4F162}.Debug|Any CPU.Build.0 = Debug|Any CPU
		{C9FF3EB3-2B4D-44E3-BA4A-275ACBB4F162}.Release|Any CPU.ActiveCfg = Release|Any CPU
		{C9FF3EB3-2B4D-44E3-BA4A-275ACBB4F162}.Release|Any CPU.Build.0 = Release|Any CPU
		{8E6C9AA8-4B83-4B0E-B74A-1B3F9E5D25D1}.Debug|Any CPU.ActiveCfg = Debug|Any CPU
		{8E6C9AA8-4B83-4B0E-B74A-1B3F9E5D25D1}.Debug|Any CPU.Build.0 = Debug|Any CPU
		{8E6C9AA8-4B83-4B0E-B74A-1B3F9E5D25D1}.Release|Any CPU.ActiveCfg = Release|Any CPU
		{8E6C9AA8-4B83-4B0E-B74A-1B3F9E5D25D1}.Release|Any CPU.Build.0 = Release|Any CPU
		{3C7D7D0A-FF0B-4B5E-BE5C-8E2E3C2F9D3F}.Debug|Any CPU.ActiveCfg = Debug|Any CPU
		{3C7D7D0A-FF0B-4B5E-BE5C-8E2E3C2F9D3F}.Debug|Any CPU.Build.0 = Debug|Any CPU
		{3C7D7D0A-FF0B-4B5E-BE5C-8E2E3C2F9D3F}.Release|Any CPU.ActiveCfg = Release|Any CPU
		{3C7D7D0A-FF0B-4B5E-BE5C-8E2E3C2F9D3F}.Release|Any CPU.Build.0 = Release|Any CPU
	EndGlobalSection
EndGlobal